
Microsoft Visual Studio Solution File, Format Version 12.00
# Visual Studio Version 17
VisualStudioVersion = 17.14.36915.13 d17.14
MinimumVisualStudioVersion = 10.0.40219.1
Project("{FAE04EC0-301F-11D3-BF4B-00C04F79EFBC}") = "ExternalAssemblyReflector", "ExternalAssemblyReflector\ExternalAssemblyReflector.csproj", "{905CD355-C735-4F45-A87F-C674262B4F8D}"
EndProject
Global
	GlobalSection(SolutionConfigurationPlatforms) = preSolution
		Debug|Any CPU = Debug|Any CPU
		Release|Any CPU = Release|Any CPU
	EndGlobalSection
	GlobalSection(ProjectConfigurationPlatforms) = postSolution
		{905CD355-C735-4F45-A87F-C674262B4F8D}.Debug|Any CPU.ActiveCfg = Debug|Any CPU
		{905CD355-C735-4F45-A87F-C674262B4F8D}.Debug|Any CPU.Build.0 = Debug|Any CPU
		{905CD355-C735-4F45-A87F-C674262B4F8D}.Release|Any CPU.ActiveCfg = Release|Any CPU
		{905CD355-C735-4F45-A87F-C674262B4F8D}.Release|Any CPU.Build.0 = Release|Any CPU
	EndGlobalSection
	GlobalSection(SolutionProperties) = preSolution
		HideSolutionNode = FALSE
	EndGlobalSection
	GlobalSection(ExtensibilityGlobals) = postSolution
		SolutionGuid = {89D736DE-1B90-4C50-8607-C962170DDD2F}
	EndGlobalSection
EndGlobal
