
Microsoft Visual Studio Solution File, Format Version 12.00
# Visual Studio Version 17
VisualStudioVersion = 17.14.36915.13 d17.14
MinimumVisualStudioVersion = 10.0.40219.1
Project("{FAE04EC0-301F-11D3-BF4B-00C04F79EFBC}") = "practice 6", "practice 6\practice 6.csproj", "{36B636E2-8B9F-4D6A-BEA1-8BF111947896}"
EndProject
Global
	GlobalSection(SolutionConfigurationPlatforms) = preSolution
		Debug|Any CPU = Debug|Any CPU
		Release|Any CPU = Release|Any CPU
	EndGlobalSection
	GlobalSection(ProjectConfigurationPlatforms) = postSolution
		{36B636E2-8B9F-4D6A-BEA1-8BF111947896}.Debug|Any CPU.ActiveCfg = Debug|Any CPU
		{36B636E2-8B9F-4D6A-BEA1-8BF111947896}.Debug|Any CPU.Build.0 = Debug|Any CPU
		{36B636E2-8B9F-4D6A-BEA1-8BF111947896}.Release|Any CPU.ActiveCfg = Release|Any CPU
		{36B636E2-8B9F-4D6A-BEA1-8BF111947896}.Release|Any CPU.Build.0 = Release|Any CPU
	EndGlobalSection
	GlobalSection(SolutionProperties) = preSolution
		HideSolutionNode = FALSE
	EndGlobalSection
	GlobalSection(ExtensibilityGlobals) = postSolution
		SolutionGuid = {B4A08E93-0411-487C-B81F-3F43EC6177C3}
	EndGlobalSection
EndGlobal
