
Microsoft Visual Studio Solution File, Format Version 12.00
# Visual Studio Version 17
VisualStudioVersion = 17.14.36915.13 d17.14
MinimumVisualStudioVersion = 10.0.40219.1
Project("{FAE04EC0-301F-11D3-BF4B-00C04F79EFBC}") = "TaskManager", "TaskManager\TaskManager.csproj", "{BDD79256-AF1D-4313-965A-AAEF5393C09C}"
EndProject
Global
	GlobalSection(SolutionConfigurationPlatforms) = preSolution
		Debug|Any CPU = Debug|Any CPU
		Release|Any CPU = Release|Any CPU
	EndGlobalSection
	GlobalSection(ProjectConfigurationPlatforms) = postSolution
		{BDD79256-AF1D-4313-965A-AAEF5393C09C}.Debug|Any CPU.ActiveCfg = Debug|Any CPU
		{BDD79256-AF1D-4313-965A-AAEF5393C09C}.Debug|Any CPU.Build.0 = Debug|Any CPU
		{BDD79256-AF1D-4313-965A-AAEF5393C09C}.Release|Any CPU.ActiveCfg = Release|Any CPU
		{BDD79256-AF1D-4313-965A-AAEF5393C09C}.Release|Any CPU.Build.0 = Release|Any CPU
	EndGlobalSection
	GlobalSection(SolutionProperties) = preSolution
		HideSolutionNode = FALSE
	EndGlobalSection
	GlobalSection(ExtensibilityGlobals) = postSolution
		SolutionGuid = {46CDD61E-47D7-4AA1-8DDE-DDF2C62A0017}
	EndGlobalSection
EndGlobal
