
Microsoft Visual Studio Solution File, Format Version 12.00
# Visual Studio Version 17
VisualStudioVersion = 17.14.36109.1 d17.14
MinimumVisualStudioVersion = 10.0.40219.1
Project("{FAE04EC0-301F-11D3-BF4B-00C04F79EFBC}") = "LINQ-app", "LINQ-app.csproj", "{3D289855-BA56-41E6-9688-D8871BC45126}"
EndProject
Global
	GlobalSection(SolutionConfigurationPlatforms) = preSolution
		Debug|Any CPU = Debug|Any CPU
		Release|Any CPU = Release|Any CPU
	EndGlobalSection
	GlobalSection(ProjectConfigurationPlatforms) = postSolution
		{3D289855-BA56-41E6-9688-D8871BC45126}.Debug|Any CPU.ActiveCfg = Debug|Any CPU
		{3D289855-BA56-41E6-9688-D8871BC45126}.Debug|Any CPU.Build.0 = Debug|Any CPU
		{3D289855-BA56-41E6-9688-D8871BC45126}.Release|Any CPU.ActiveCfg = Release|Any CPU
		{3D289855-BA56-41E6-9688-D8871BC45126}.Release|Any CPU.Build.0 = Release|Any CPU
	EndGlobalSection
	GlobalSection(SolutionProperties) = preSolution
		HideSolutionNode = FALSE
	EndGlobalSection
	GlobalSection(ExtensibilityGlobals) = postSolution
		SolutionGuid = {58748DEA-AA20-449F-A188-EC52D81E8C51}
	EndGlobalSection
EndGlobal
